
Microsoft Visual Studio Solution File, Format Version 12.00
Project("{FAE04EC0-301F-11D3-BF4B-00C04F79EFBC}") = "ComputerGraphicPractice", "ComputerGraphicPractice\ComputerGraphicPractice.csproj", "{30F21F72-87D0-4294-8D70-CBBF1BAB5E6D}"
EndProject
Global
	GlobalSection(SolutionConfigurationPlatforms) = preSolution
		Debug|Any CPU = Debug|Any CPU
		Release|Any CPU = Release|Any CPU
	EndGlobalSection
	GlobalSection(ProjectConfigurationPlatforms) = postSolution
		{30F21F72-87D0-4294-8D70-CBBF1BAB5E6D}.Debug|Any CPU.ActiveCfg = Debug|Any CPU
		{30F21F72-87D0-4294-8D70-CBBF1BAB5E6D}.Debug|Any CPU.Build.0 = Debug|Any CPU
		{30F21F72-87D0-4294-8D70-CBBF1BAB5E6D}.Release|Any CPU.ActiveCfg = Release|Any CPU
		{30F21F72-87D0-4294-8D70-CBBF1BAB5E6D}.Release|Any CPU.Build.0 = Release|Any CPU
	EndGlobalSection
EndGlobal
